// !$*UTF8*$!
{
	archiveVersion = 1;
	classes = {
	};
	objectVersion = 52;
	objects = {

/* Begin PBXBuildFile section */
		EDC5209D2597F43000F7865C /* CameraView in Frameworks */ = {isa = PBXBuildFile; productRef = EDC5209C2597F43000F7865C /* CameraView */; };
		EDC520A12597F4CC00F7865C /* ComposableArchitecture in Frameworks */ = {isa = PBXBuildFile; productRef = EDC520A02597F4CC00F7865C /* ComposableArchitecture */; };
		EDC520A52597F57C00F7865C /* CalculatorViewReducer.swift in Sources */ = {isa = PBXBuildFile; fileRef = EDC520A42597F57C00F7865C /* CalculatorViewReducer.swift */; };
		EDC520AA2597F65200F7865C /* SampleCalculatorStore.swift in Sources */ = {isa = PBXBuildFile; fileRef = EDC520A92597F65200F7865C /* SampleCalculatorStore.swift */; };
		EDCF7B3C2597F16000EB355A /* SwiftUIVisualEffects in Frameworks */ = {isa = PBXBuildFile; productRef = EDCF7B3B2597F16000EB355A /* SwiftUIVisualEffects */; };
		EDE9B7992597EE7C0037011D /* CalculatorApp.swift in Sources */ = {isa = PBXBuildFile; fileRef = EDE9B7982597EE7C0037011D /* CalculatorApp.swift */; };
		EDE9B79B2597EE7C0037011D /* CalculatorView.swift in Sources */ = {isa = PBXBuildFile; fileRef = EDE9B79A2597EE7C0037011D /* CalculatorView.swift */; };
		EDE9B79D2597EE7D0037011D /* Assets.xcassets in Resources */ = {isa = PBXBuildFile; fileRef = EDE9B79C2597EE7D0037011D /* Assets.xcassets */; };
		EDE9B7A02597EE7D0037011D /* Preview Assets.xcassets in Resources */ = {isa = PBXBuildFile; fileRef = EDE9B79F2597EE7D0037011D /* Preview Assets.xcassets */; };
/* End PBXBuildFile section */

/* Begin PBXFileReference section */
		EDC520A42597F57C00F7865C /* CalculatorViewReducer.swift */ = {isa = PBXFileReference; lastKnownFileType = sourcecode.swift; path = CalculatorViewReducer.swift; sourceTree = "<group>"; };
		EDC520A92597F65200F7865C /* SampleCalculatorStore.swift */ = {isa = PBXFileReference; lastKnownFileType = sourcecode.swift; path = SampleCalculatorStore.swift; sourceTree = "<group>"; };
		EDE9B7952597EE7C0037011D /* Calculator.app */ = {isa = PBXFileReference; explicitFileType = wrapper.application; includeInIndex = 0; path = Calculator.app; sourceTree = BUILT_PRODUCTS_DIR; };
		EDE9B7982597EE7C0037011D /* CalculatorApp.swift */ = {isa = PBXFileReference; lastKnownFileType = sourcecode.swift; path = CalculatorApp.swift; sourceTree = "<group>"; };
		EDE9B79A2597EE7C0037011D /* CalculatorView.swift */ = {isa = PBXFileReference; lastKnownFileType = sourcecode.swift; path = CalculatorView.swift; sourceTree = "<group>"; };
		EDE9B79C2597EE7D0037011D /* Assets.xcassets */ = {isa = PBXFileReference; lastKnownFileType = folder.assetcatalog; path = Assets.xcassets; sourceTree = "<group>"; };
		EDE9B79F2597EE7D0037011D /* Preview Assets.xcassets */ = {isa = PBXFileReference; lastKnownFileType = folder.assetcatalog; path = "Preview Assets.xcassets"; sourceTree = "<group>"; };
		EDE9B7A12597EE7D0037011D /* Info.plist */ = {isa = PBXFileReference; lastKnownFileType = text.plist.xml; path = Info.plist; sourceTree = "<group>"; };
/* End PBXFileReference section */

/* Begin PBXFrameworksBuildPhase section */
		EDE9B7922597EE7C0037011D /* Frameworks */ = {
			isa = PBXFrameworksBuildPhase;
			buildActionMask = 2147483647;
			files = (
				EDC5209D2597F43000F7865C /* CameraView in Frameworks */,
				EDCF7B3C2597F16000EB355A /* SwiftUIVisualEffects in Frameworks */,
				EDC520A12597F4CC00F7865C /* ComposableArchitecture in Frameworks */,
			);
			runOnlyForDeploymentPostprocessing = 0;
		};
/* End PBXFrameworksBuildPhase section */

/* Begin PBXGroup section */
		EDE9B78C2597EE7C0037011D = {
			isa = PBXGroup;
			children = (
				EDE9B7972597EE7C0037011D /* Calculator */,
				EDE9B7962597EE7C0037011D /* Products */,
			);
			sourceTree = "<group>";
		};
		EDE9B7962597EE7C0037011D /* Products */ = {
			isa = PBXGroup;
			children = (
				EDE9B7952597EE7C0037011D /* Calculator.app */,
			);
			name = Products;
			sourceTree = "<group>";
		};
		EDE9B7972597EE7C0037011D /* Calculator */ = {
			isa = PBXGroup;
			children = (
				EDE9B7982597EE7C0037011D /* CalculatorApp.swift */,
				EDE9B79A2597EE7C0037011D /* CalculatorView.swift */,
				EDC520A42597F57C00F7865C /* CalculatorViewReducer.swift */,
				EDE9B79C2597EE7D0037011D /* Assets.xcassets */,
				EDE9B7A12597EE7D0037011D /* Info.plist */,
				EDE9B79E2597EE7D0037011D /* Preview Content */,
			);
			path = Calculator;
			sourceTree = "<group>";
		};
		EDE9B79E2597EE7D0037011D /* Preview Content */ = {
			isa = PBXGroup;
			children = (
				EDE9B79F2597EE7D0037011D /* Preview Assets.xcassets */,
				EDC520A92597F65200F7865C /* SampleCalculatorStore.swift */,
			);
			path = "Preview Content";
			sourceTree = "<group>";
		};
/* End PBXGroup section */

/* Begin PBXNativeTarget section */
		EDE9B7942597EE7C0037011D /* Calculator */ = {
			isa = PBXNativeTarget;
			buildConfigurationList = EDE9B7A42597EE7D0037011D /* Build configuration list for PBXNativeTarget "Calculator" */;
			buildPhases = (
				EDE9B7912597EE7C0037011D /* Sources */,
				EDE9B7922597EE7C0037011D /* Frameworks */,
				EDE9B7932597EE7C0037011D /* Resources */,
			);
			buildRules = (
			);
			dependencies = (
			);
			name = Calculator;
			packageProductDependencies = (
				EDCF7B3B2597F16000EB355A /* SwiftUIVisualEffects */,
				EDC5209C2597F43000F7865C /* CameraView */,
				EDC520A02597F4CC00F7865C /* ComposableArchitecture */,
			);
			productName = Calculator;
			productReference = EDE9B7952597EE7C0037011D /* Calculator.app */;
			productType = "com.apple.product-type.application";
		};
/* End PBXNativeTarget section */

/* Begin PBXProject section */
		EDE9B78D2597EE7C0037011D /* Project object */ = {
			isa = PBXProject;
			attributes = {
				LastSwiftUpdateCheck = 1230;
				LastUpgradeCheck = 1230;
				TargetAttributes = {
					EDE9B7942597EE7C0037011D = {
						CreatedOnToolsVersion = 12.3;
					};
				};
			};
			buildConfigurationList = EDE9B7902597EE7C0037011D /* Build configuration list for PBXProject "Calculator" */;
			compatibilityVersion = "Xcode 9.3";
			developmentRegion = en;
			hasScannedForEncodings = 0;
			knownRegions = (
				en,
				Base,
			);
			mainGroup = EDE9B78C2597EE7C0037011D;
			packageReferences = (
				EDCF7B3A2597F16000EB355A /* XCRemoteSwiftPackageReference "swiftui-visual-effects" */,
				EDC5209B2597F43000F7865C /* XCRemoteSwiftPackageReference "CameraView" */,
				EDC5209F2597F4CC00F7865C /* XCRemoteSwiftPackageReference "swift-composable-architecture" */,
			);
			productRefGroup = EDE9B7962597EE7C0037011D /* Products */;
			projectDirPath = "";
			projectRoot = "";
			targets = (
				EDE9B7942597EE7C0037011D /* Calculator */,
			);
		};
/* End PBXProject section */

/* Begin PBXResourcesBuildPhase section */
		EDE9B7932597EE7C0037011D /* Resources */ = {
			isa = PBXResourcesBuildPhase;
			buildActionMask = 2147483647;
			files = (
				EDE9B7A02597EE7D0037011D /* Preview Assets.xcassets in Resources */,
				EDE9B79D2597EE7D0037011D /* Assets.xcassets in Resources */,
			);
			runOnlyForDeploymentPostprocessing = 0;
		};
/* End PBXResourcesBuildPhase section */

/* Begin PBXSourcesBuildPhase section */
		EDE9B7912597EE7C0037011D /* Sources */ = {
			isa = PBXSourcesBuildPhase;
			buildActionMask = 2147483647;
			files = (
				EDE9B79B2597EE7C0037011D /* CalculatorView.swift in Sources */,
				EDE9B7992597EE7C0037011D /* CalculatorApp.swift in Sources */,
				EDC520AA2597F65200F7865C /* SampleCalculatorStore.swift in Sources */,
				EDC520A52597F57C00F7865C /* CalculatorViewReducer.swift in Sources */,
			);
			runOnlyForDeploymentPostprocessing = 0;
		};
/* End PBXSourcesBuildPhase section */

/* Begin XCBuildConfiguration section */
		EDE9B7A22597EE7D0037011D /* Debug */ = {
			isa = XCBuildConfiguration;
			buildSettings = {
				ALWAYS_SEARCH_USER_PATHS = NO;
				CLANG_ANALYZER_NONNULL = YES;
				CLANG_ANALYZER_NUMBER_OBJECT_CONVERSION = YES_AGGRESSIVE;
				CLANG_CXX_LANGUAGE_STANDARD = "gnu++14";
				CLANG_CXX_LIBRARY = "libc++";
				CLANG_ENABLE_MODULES = YES;
				CLANG_ENABLE_OBJC_ARC = YES;
				CLANG_ENABLE_OBJC_WEAK = YES;
				CLANG_WARN_BLOCK_CAPTURE_AUTORELEASING = YES;
				CLANG_WARN_BOOL_CONVERSION = YES;
				CLANG_WARN_COMMA = YES;
				CLANG_WARN_CONSTANT_CONVERSION = YES;
				CLANG_WARN_DEPRECATED_OBJC_IMPLEMENTATIONS = YES;
				CLANG_WARN_DIRECT_OBJC_ISA_USAGE = YES_ERROR;
				CLANG_WARN_DOCUMENTATION_COMMENTS = YES;
				CLANG_WARN_EMPTY_BODY = YES;
				CLANG_WARN_ENUM_CONVERSION = YES;
				CLANG_WARN_INFINITE_RECURSION = YES;
				CLANG_WARN_INT_CONVERSION = YES;
				CLANG_WARN_NON_LITERAL_NULL_CONVERSION = YES;
				CLANG_WARN_OBJC_IMPLICIT_RETAIN_SELF = YES;
				CLANG_WARN_OBJC_LITERAL_CONVERSION = YES;
				CLANG_WARN_OBJC_ROOT_CLASS = YES_ERROR;
				CLANG_WARN_QUOTED_INCLUDE_IN_FRAMEWORK_HEADER = YES;
				CLANG_WARN_RANGE_LOOP_ANALYSIS = YES;
				CLANG_WARN_STRICT_PROTOTYPES = YES;
				CLANG_WARN_SUSPICIOUS_MOVE = YES;
				CLANG_WARN_UNGUARDED_AVAILABILITY = YES_AGGRESSIVE;
				CLANG_WARN_UNREACHABLE_CODE = YES;
				CLANG_WARN__DUPLICATE_METHOD_MATCH = YES;
				COPY_PHASE_STRIP = NO;
				DEBUG_INFORMATION_FORMAT = dwarf;
				ENABLE_STRICT_OBJC_MSGSEND = YES;
				ENABLE_TESTABILITY = YES;
				GCC_C_LANGUAGE_STANDARD = gnu11;
				GCC_DYNAMIC_NO_PIC = NO;
				GCC_NO_COMMON_BLOCKS = YES;
				GCC_OPTIMIZATION_LEVEL = 0;
				GCC_PREPROCESSOR_DEFINITIONS = (
					"DEBUG=1",
					"$(inherited)",
				);
				GCC_WARN_64_TO_32_BIT_CONVERSION = YES;
				GCC_WARN_ABOUT_RETURN_TYPE = YES_ERROR;
				GCC_WARN_UNDECLARED_SELECTOR = YES;
				GCC_WARN_UNINITIALIZED_AUTOS = YES_AGGRESSIVE;
				GCC_WARN_UNUSED_FUNCTION = YES;
				GCC_WARN_UNUSED_VARIABLE = YES;
				IPHONEOS_DEPLOYMENT_TARGET = 14.3;
				MTL_ENABLE_DEBUG_INFO = INCLUDE_SOURCE;
				MTL_FAST_MATH = YES;
				ONLY_ACTIVE_ARCH = YES;
				SDKROOT = iphoneos;
				SWIFT_ACTIVE_COMPILATION_CONDITIONS = DEBUG;
				SWIFT_OPTIMIZATION_LEVEL = "-Onone";
			};
			name = Debug;
		};
		EDE9B7A32597EE7D0037011D /* Release */ = {
			isa = XCBuildConfiguration;
			buildSettings = {
				ALWAYS_SEARCH_USER_PATHS = NO;
				CLANG_ANALYZER_NONNULL = YES;
				CLANG_ANALYZER_NUMBER_OBJECT_CONVERSION = YES_AGGRESSIVE;
				CLANG_CXX_LANGUAGE_STANDARD = "gnu++14";
				CLANG_CXX_LIBRARY = "libc++";
				CLANG_ENABLE_MODULES = YES;
				CLANG_ENABLE_OBJC_ARC = YES;
				CLANG_ENABLE_OBJC_WEAK = YES;
				CLANG_WARN_BLOCK_CAPTURE_AUTORELEASING = YES;
				CLANG_WARN_BOOL_CONVERSION = YES;
				CLANG_WARN_COMMA = YES;
				CLANG_WARN_CONSTANT_CONVERSION = YES;
				CLANG_WARN_DEPRECATED_OBJC_IMPLEMENTATIONS = YES;
				CLANG_WARN_DIRECT_OBJC_ISA_USAGE = YES_ERROR;
				CLANG_WARN_DOCUMENTATION_COMMENTS = YES;
				CLANG_WARN_EMPTY_BODY = YES;
				CLANG_WARN_ENUM_CONVERSION = YES;
				CLANG_WARN_INFINITE_RECURSION = YES;
				CLANG_WARN_INT_CONVERSION = YES;
				CLANG_WARN_NON_LITERAL_NULL_CONVERSION = YES;
				CLANG_WARN_OBJC_IMPLICIT_RETAIN_SELF = YES;
				CLANG_WARN_OBJC_LITERAL_CONVERSION = YES;
				CLANG_WARN_OBJC_ROOT_CLASS = YES_ERROR;
				CLANG_WARN_QUOTED_INCLUDE_IN_FRAMEWORK_HEADER = YES;
				CLANG_WARN_RANGE_LOOP_ANALYSIS = YES;
				CLANG_WARN_STRICT_PROTOTYPES = YES;
				CLANG_WARN_SUSPICIOUS_MOVE = YES;
				CLANG_WARN_UNGUARDED_AVAILABILITY = YES_AGGRESSIVE;
				CLANG_WARN_UNREACHABLE_CODE = YES;
				CLANG_WARN__DUPLICATE_METHOD_MATCH = YES;
				COPY_PHASE_STRIP = NO;
				DEBUG_INFORMATION_FORMAT = "dwarf-with-dsym";
				ENABLE_NS_ASSERTIONS = NO;
				ENABLE_STRICT_OBJC_MSGSEND = YES;
				GCC_C_LANGUAGE_STANDARD = gnu11;
				GCC_NO_COMMON_BLOCKS = YES;
				GCC_WARN_64_TO_32_BIT_CONVERSION = YES;
				GCC_WARN_ABOUT_RETURN_TYPE = YES_ERROR;
				GCC_WARN_UNDECLARED_SELECTOR = YES;
				GCC_WARN_UNINITIALIZED_AUTOS = YES_AGGRESSIVE;
				GCC_WARN_UNUSED_FUNCTION = YES;
				GCC_WARN_UNUSED_VARIABLE = YES;
				IPHONEOS_DEPLOYMENT_TARGET = 14.3;
				MTL_ENABLE_DEBUG_INFO = NO;
				MTL_FAST_MATH = YES;
				SDKROOT = iphoneos;
				SWIFT_COMPILATION_MODE = wholemodule;
				SWIFT_OPTIMIZATION_LEVEL = "-O";
				VALIDATE_PRODUCT = YES;
			};
			name = Release;
		};
		EDE9B7A52597EE7D0037011D /* Debug */ = {
			isa = XCBuildConfiguration;
			buildSettings = {
				ASSETCATALOG_COMPILER_APPICON_NAME = AppIcon;
				ASSETCATALOG_COMPILER_GLOBAL_ACCENT_COLOR_NAME = AccentColor;
				CODE_SIGN_STYLE = Automatic;
				DEVELOPMENT_ASSET_PATHS = "\"Calculator/Preview Content\"";
				DEVELOPMENT_TEAM = K78G42H4U2;
				ENABLE_PREVIEWS = YES;
				INFOPLIST_FILE = Calculator/Info.plist;
				IPHONEOS_DEPLOYMENT_TARGET = 14.0;
				LD_RUNPATH_SEARCH_PATHS = (
					"$(inherited)",
					"@executable_path/Frameworks",
				);
				PRODUCT_BUNDLE_IDENTIFIER = com.joeblau.Calculator;
				PRODUCT_NAME = "$(TARGET_NAME)";
				SWIFT_VERSION = 5.0;
				TARGETED_DEVICE_FAMILY = 1;
			};
			name = Debug;
		};
		EDE9B7A62597EE7D0037011D /* Release */ = {
			isa = XCBuildConfiguration;
			buildSettings = {
				ASSETCATALOG_COMPILER_APPICON_NAME = AppIcon;
				ASSETCATALOG_COMPILER_GLOBAL_ACCENT_COLOR_NAME = AccentColor;
				CODE_SIGN_STYLE = Automatic;
				DEVELOPMENT_ASSET_PATHS = "\"Calculator/Preview Content\"";
				DEVELOPMENT_TEAM = K78G42H4U2;
				ENABLE_PREVIEWS = YES;
				INFOPLIST_FILE = Calculator/Info.plist;
				IPHONEOS_DEPLOYMENT_TARGET = 14.0;
				LD_RUNPATH_SEARCH_PATHS = (
					"$(inherited)",
					"@executable_path/Frameworks",
				);
				PRODUCT_BUNDLE_IDENTIFIER = com.joeblau.Calculator;
				PRODUCT_NAME = "$(TARGET_NAME)";
				SWIFT_VERSION = 5.0;
				TARGETED_DEVICE_FAMILY = 1;
			};
			name = Release;
		};
/* End XCBuildConfiguration section */

/* Begin XCConfigurationList section */
		EDE9B7902597EE7C0037011D /* Build configuration list for PBXProject "Calculator" */ = {
			isa = XCConfigurationList;
			buildConfigurations = (
				EDE9B7A22597EE7D0037011D /* Debug */,
				EDE9B7A32597EE7D0037011D /* Release */,
			);
			defaultConfigurationIsVisible = 0;
			defaultConfigurationName = Release;
		};
		EDE9B7A42597EE7D0037011D /* Build configuration list for PBXNativeTarget "Calculator" */ = {
			isa = XCConfigurationList;
			buildConfigurations = (
				EDE9B7A52597EE7D0037011D /* Debug */,
				EDE9B7A62597EE7D0037011D /* Release */,
			);
			defaultConfigurationIsVisible = 0;
			defaultConfigurationName = Release;
		};
/* End XCConfigurationList section */

/* Begin XCRemoteSwiftPackageReference section */
		EDC5209B2597F43000F7865C /* XCRemoteSwiftPackageReference "CameraView" */ = {
			isa = XCRemoteSwiftPackageReference;
			repositoryURL = "https://github.com/brettfazio/CameraView.git";
			requirement = {
				kind = upToNextMajorVersion;
				minimumVersion = 0.0.1;
			};
		};
		EDC5209F2597F4CC00F7865C /* XCRemoteSwiftPackageReference "swift-composable-architecture" */ = {
			isa = XCRemoteSwiftPackageReference;
			repositoryURL = "https://github.com/pointfreeco/swift-composable-architecture.git";
			requirement = {
				kind = upToNextMajorVersion;
				minimumVersion = 0.9.0;
			};
		};
		EDCF7B3A2597F16000EB355A /* XCRemoteSwiftPackageReference "swiftui-visual-effects" */ = {
			isa = XCRemoteSwiftPackageReference;
			repositoryURL = "https://github.com/lucasbrown/swiftui-visual-effects.git";
			requirement = {
				kind = upToNextMajorVersion;
				minimumVersion = 1.0.3;
			};
		};
/* End XCRemoteSwiftPackageReference section */

/* Begin XCSwiftPackageProductDependency section */
		EDC5209C2597F43000F7865C /* CameraView */ = {
			isa = XCSwiftPackageProductDependency;
			package = EDC5209B2597F43000F7865C /* XCRemoteSwiftPackageReference "CameraView" */;
			productName = CameraView;
		};
		EDC520A02597F4CC00F7865C /* ComposableArchitecture */ = {
			isa = XCSwiftPackageProductDependency;
			package = EDC5209F2597F4CC00F7865C /* XCRemoteSwiftPackageReference "swift-composable-architecture" */;
			productName = ComposableArchitecture;
		};
		EDCF7B3B2597F16000EB355A /* SwiftUIVisualEffects */ = {
			isa = XCSwiftPackageProductDependency;
			package = EDCF7B3A2597F16000EB355A /* XCRemoteSwiftPackageReference "swiftui-visual-effects" */;
			productName = SwiftUIVisualEffects;
		};
/* End XCSwiftPackageProductDependency section */
	};
	rootObject = EDE9B78D2597EE7C0037011D /* Project object */;
}
